
Microsoft Visual Studio Solution File, Format Version 12.00
# Visual Studio Version 16
VisualStudioVersion = 16.0.30523.141
MinimumVisualStudioVersion = 10.0.40219.1
Project("{9A19103F-16F7-4668-BE54-9A1E7A4F7556}") = "CodeMetrics", "CodeMetrics\CodeMetrics.csproj", "{CFBB1F5D-229D-462E-9E12-583939B5C341}"
EndProject
Project("{FAE04EC0-301F-11D3-BF4B-00C04F79EFBC}") = "Analysis", "Analysis\Analysis.csproj", "{F57290F7-01BB-48E1-A8AC-FB95BDC5E058}"
EndProject
Global
	GlobalSection(SolutionConfigurationPlatforms) = preSolution
		Debug|Any CPU = Debug|Any CPU
		Release|Any CPU = Release|Any CPU
	EndGlobalSection
	GlobalSection(ProjectConfigurationPlatforms) = postSolution
		{CFBB1F5D-229D-462E-9E12-583939B5C341}.Debug|Any CPU.ActiveCfg = Debug|Any CPU
		{CFBB1F5D-229D-462E-9E12-583939B5C341}.Debug|Any CPU.Build.0 = Debug|Any CPU
		{CFBB1F5D-229D-462E-9E12-583939B5C341}.Release|Any CPU.ActiveCfg = Release|Any CPU
		{CFBB1F5D-229D-462E-9E12-583939B5C341}.Release|Any CPU.Build.0 = Release|Any CPU
		{F57290F7-01BB-48E1-A8AC-FB95BDC5E058}.Debug|Any CPU.ActiveCfg = Debug|Any CPU
		{F57290F7-01BB-48E1-A8AC-FB95BDC5E058}.Debug|Any CPU.Build.0 = Debug|Any CPU
		{F57290F7-01BB-48E1-A8AC-FB95BDC5E058}.Release|Any CPU.ActiveCfg = Release|Any CPU
		{F57290F7-01BB-48E1-A8AC-FB95BDC5E058}.Release|Any CPU.Build.0 = Release|Any CPU
	EndGlobalSection
	GlobalSection(SolutionProperties) = preSolution
		HideSolutionNode = FALSE
	EndGlobalSection
	GlobalSection(ExtensibilityGlobals) = postSolution
		SolutionGuid = {05189EEC-8846-494D-96C5-F9DF925EB334}
	EndGlobalSection
EndGlobal
